{
  "version": 4,
  "terraform_version": "1.11.2",
  "serial": 30,
  "lineage": "81ba5d5f-4850-a7fb-689e-e24e9ab5a083",
  "outputs": {
    "codedeploy_app_name": {
      "value": "istory-app",
      "type": "string"
    },
    "codedeploy_deployment_group_name": {
      "value": "istory-deploy-group",
      "type": "string"
    },
    "dev_istory_nginx_instance_public_ip": {
      "value": "54.180.246.94",
      "type": "string"
    },
    "istory-deploy-bucket_name": {
      "value": "istory-deploy-bucket-529088272993",
      "type": "string"
    },
    "rds_database_name": {
      "value": "istory",
      "type": "string"
    },
    "rds_endpoint": {
      "value": "istory-db.crmk8owcwzty.ap-northeast-2.rds.amazonaws.com:3306",
      "type": "string"
    },
    "rds_username": {
      "value": "user",
      "type": "string"
    },
    "ssh_private_key_pem": {
      "value": "-----BEGIN RSA PRIVATE KEY-----\nMIIEpQIBAAKCAQEAzvyeJqqwi5YQzcQ6itUR0vtHZcqNKOQSNLgi40zbe6E9JNPW\nBdtqw5OpYzQ5t2veKqsb/Q8b6lTcGXPH50JTYw9AYK95JLW1hEvzX/4Jc8KwZ6if\neJI1ejasJnHvKuw5I4sR8QOALn4w5WKceDEL1Yyautf0/7UhnJOvU5dLOG9zhbR5\nhmwsnbeu2N4gRCLLm0JxG9y+jOhzaESOfH7xe4+7dRyssZfNh9A9m6sC3SGv3Nhw\n9A5ZdvzbaXwn06sipUZ96rEnAGZ+eHRPkU5haTExB0kqvULHaImTmdeoADg+3YQZ\nowLdGWJUpLpBBwIXb4imKKeGimOncjHuBEOspwIDAQABAoIBAQCchryyUPIhHOKo\nOHRs+KP6ALwFZh9JhO+fnoADk+OGonAyoV+AHmWmcMvvkVb0NkZTzgHkZMCffHzV\nYpEReT7F8oqkkw3xjNgvq5/oP5u2RsxQF1xBOY/nU+DrUc2jj+/FyS1QLW2JuzQO\nw3vACJcCbsmz8gv8M2Wvmp9Df24KxiECX+/dn4hcsNmx0k8NGngOAbY19ZKGWqsz\nygSPrSnHW8ZeJD/7Jw3/IXMQ6bU+eYMqUX810PHREd97LBnzzBVqnaw7SoRoH73B\nWKfKav1yRgf4r7bGJVyHZf+7e7zjZw971h5OsDObDaORo1MVzy466eAITsED87F4\npzhIInqBAoGBAPBrJnuRYHK+G4D/fVXSsxOE2x4tK+r6ZU+AKB6GHItDA2B/nNXS\n8QjaGDudN+YBoWktNUPhiXFExSKfXVYEim1ZRG3ipJ8d2XYY+xjv6xddPmjEwyt7\nmUlCK86CJ5OeIKS92GRqdiRX+QRgPrBIzm5O8ayq3jVV+Kk3fMl863ovAoGBANxm\nyrno5lasxpXjZiiKQ5mhKMeMpshFSvkvnYfWuLeFwOOwZIi61C1RxspRnAhcJeSQ\nX2W7CUTAL8jrx9kfuBIIrQZGKjPm07+YrHLn3yMNIPhzKbljpmvHD5cM4mjvkGBM\nBf0ujpxZb0Vxx3PaFWQQjj11HVzYE5tcV2pznm8JAoGBAN73wNzg2r4PqZpdWHP7\n0LDNihnWcuCeEM9GX+7PGjHdmIgqUd3MoFZBTjAbgvgBkxzkHH4z8S/nQ5z0h696\nzpbTLy9p/prDKCbqzBU4jKNCitrHgOoW2vaiM9Z1xxaUlFm057dZNPBH1l5ElF8R\nZsHO3Tvxy9tTPCZTm5uSCyFpAoGBAJWwAnNtKDMpuN3HyXQzI2JNwAJ3FjbiSN8g\nZZ8CSAXsg2qgPEdYjA4Tgi2aa5yJ6Ppoy0GuW8cjt9B/wgVGs58b4Vdng/YoCRwR\nNt37eOK3YfMbU/UjJr4APihaidK3EZk1SMQBQL4TR60kb0/Rh8GkNNasmbqazgYw\nGvaje7DxAoGAJ6Jz/MQ1h9Wmb2PyW6IYXxW1qVWGIhYHgIeosDYM2/mdynFUadcE\nDPsqbbSVGOi4UQmkSCXiInSFgJUxLzUC7BJzjWreY7YvgoU8DEOpOpsKMlqWOWEw\n7y43Pz6z5NRuNg+5SXFTzZ3QF1qv9OGCCPtiddz3TZkQ0FKUDkLPC5c=\n-----END RSA PRIVATE KEY-----\n",
      "type": "string",
      "sensitive": true
    }
  },
  "resources": [
    {
      "mode": "data",
      "type": "aws_caller_identity",
      "name": "current",
      "provider": "provider[\"registry.terraform.io/hashicorp/aws\"]",
      "instances": [
        {
          "schema_version": 0,
          "attributes": {
            "account_id": "529088272993",
            "arn": "arn:aws:iam::529088272993:user/cicd",
            "id": "529088272993",
            "user_id": "AIDAXWMA6LJQRAP53QXZC"
          },
          "sensitive_attributes": []
        }
      ]
    },
    {
      "mode": "managed",
      "type": "aws_codedeploy_app",
      "name": "istory-app",
      "provider": "provider[\"registry.terraform.io/hashicorp/aws\"]",
      "instances": [
        {
          "schema_version": 0,
          "attributes": {
            "application_id": "ba86ddba-d7ea-4880-9503-47065e1636d3",
            "arn": "arn:aws:codedeploy:ap-northeast-2:529088272993:application:istory-app",
            "compute_platform": "Server",
            "github_account_name": "",
            "id": "ba86ddba-d7ea-4880-9503-47065e1636d3:istory-app",
            "linked_to_github": false,
            "name": "istory-app",
            "tags": null,
            "tags_all": {}
          },
          "sensitive_attributes": [],
          "private": "bnVsbA=="
        }
      ]
    },
    {
      "mode": "managed",
      "type": "aws_codedeploy_deployment_group",
      "name": "istory-deploy_group",
      "provider": "provider[\"registry.terraform.io/hashicorp/aws\"]",
      "instances": [
        {
          "schema_version": 0,
          "attributes": {
            "alarm_configuration": [],
            "app_name": "istory-app",
            "arn": "arn:aws:codedeploy:ap-northeast-2:529088272993:deploymentgroup:istory-app/istory-deploy-group",
            "auto_rollback_configuration": [
              {
                "enabled": true,
                "events": [
                  "DEPLOYMENT_FAILURE"
                ]
              }
            ],
            "autoscaling_groups": null,
            "blue_green_deployment_config": [],
            "compute_platform": "Server",
            "deployment_config_name": "CodeDeployDefault.OneAtATime",
            "deployment_group_id": "682d4c28-69f0-47d3-81d9-2ecf5826db82",
            "deployment_group_name": "istory-deploy-group",
            "deployment_style": [
              {
                "deployment_option": "WITHOUT_TRAFFIC_CONTROL",
                "deployment_type": "IN_PLACE"
              }
            ],
            "ec2_tag_filter": [],
            "ec2_tag_set": [
              {
                "ec2_tag_filter": [
                  {
                    "key": "Environment",
                    "type": "KEY_AND_VALUE",
                    "value": "Development"
                  }
                ]
              }
            ],
            "ecs_service": [],
            "id": "682d4c28-69f0-47d3-81d9-2ecf5826db82",
            "load_balancer_info": [],
            "on_premises_instance_tag_filter": [],
            "outdated_instances_strategy": "UPDATE",
            "service_role_arn": "arn:aws:iam::529088272993:role/CodeDeployServiceRole",
            "tags": null,
            "tags_all": {},
            "termination_hook_enabled": false,
            "trigger_configuration": []
          },
          "sensitive_attributes": [],
          "private": "bnVsbA==",
          "dependencies": [
            "aws_codedeploy_app.istory-app",
            "aws_iam_role.codedeploy_service_role"
          ]
        }
      ]
    },
    {
      "mode": "managed",
      "type": "aws_db_instance",
      "name": "istory_db",
      "provider": "provider[\"registry.terraform.io/hashicorp/aws\"]",
      "instances": [
        {
          "schema_version": 2,
          "attributes": {
            "address": "istory-db.crmk8owcwzty.ap-northeast-2.rds.amazonaws.com",
            "allocated_storage": 20,
            "allow_major_version_upgrade": null,
            "apply_immediately": false,
            "arn": "arn:aws:rds:ap-northeast-2:529088272993:db:istory-db",
            "auto_minor_version_upgrade": true,
            "availability_zone": "ap-northeast-2c",
            "backup_retention_period": 7,
            "backup_target": "region",
            "backup_window": "03:00-04:00",
            "blue_green_update": [],
            "ca_cert_identifier": "rds-ca-rsa2048-g1",
            "character_set_name": "",
            "copy_tags_to_snapshot": false,
            "custom_iam_instance_profile": "",
            "customer_owned_ip_enabled": false,
            "database_insights_mode": "standard",
            "db_name": "istory",
            "db_subnet_group_name": "istory-db-subnet-group",
            "dedicated_log_volume": false,
            "delete_automated_backups": true,
            "deletion_protection": false,
            "domain": "",
            "domain_auth_secret_arn": "",
            "domain_dns_ips": null,
            "domain_fqdn": "",
            "domain_iam_role_name": "",
            "domain_ou": "",
            "enabled_cloudwatch_logs_exports": null,
            "endpoint": "istory-db.crmk8owcwzty.ap-northeast-2.rds.amazonaws.com:3306",
            "engine": "mysql",
            "engine_lifecycle_support": "open-source-rds-extended-support",
            "engine_version": "8.0",
            "engine_version_actual": "8.0.40",
            "final_snapshot_identifier": null,
            "hosted_zone_id": "ZLA2NUCOLGUUR",
            "iam_database_authentication_enabled": false,
            "id": "db-B6IOBJRK65YINA55MSQKLW25XY",
            "identifier": "istory-db",
            "identifier_prefix": "",
            "instance_class": "db.t3.micro",
            "iops": 0,
            "kms_key_id": "",
            "latest_restorable_time": "2025-03-22T05:55:44Z",
            "license_model": "general-public-license",
            "listener_endpoint": [],
            "maintenance_window": "mon:04:00-mon:05:00",
            "manage_master_user_password": null,
            "master_user_secret": [],
            "master_user_secret_kms_key_id": null,
            "max_allocated_storage": 0,
            "monitoring_interval": 0,
            "monitoring_role_arn": "",
            "multi_az": false,
            "nchar_character_set_name": "",
            "network_type": "IPV4",
            "option_group_name": "default:mysql-8-0",
            "parameter_group_name": "istory-db-parameter-group",
            "password": "user12345",
            "password_wo": null,
            "password_wo_version": null,
            "performance_insights_enabled": false,
            "performance_insights_kms_key_id": "",
            "performance_insights_retention_period": 0,
            "port": 3306,
            "publicly_accessible": false,
            "replica_mode": "",
            "replicas": [],
            "replicate_source_db": "",
            "resource_id": "db-B6IOBJRK65YINA55MSQKLW25XY",
            "restore_to_point_in_time": [],
            "s3_import": [],
            "skip_final_snapshot": true,
            "snapshot_identifier": null,
            "status": "available",
            "storage_encrypted": false,
            "storage_throughput": 0,
            "storage_type": "gp2",
            "tags": {
              "Environment": "Development",
              "Name": "istory"
            },
            "tags_all": {
              "Environment": "Development",
              "Name": "istory"
            },
            "timeouts": null,
            "timezone": "",
            "upgrade_storage_config": null,
            "username": "user",
            "vpc_security_group_ids": [
              "sg-0e27c10e459748067"
            ]
          },
          "sensitive_attributes": [
            [
              {
                "type": "get_attr",
                "value": "password"
              }
            ],
            [
              {
                "type": "get_attr",
                "value": "password_wo"
              }
            ]
          ],
          "private": "eyJlMmJmYjczMC1lY2FhLTExZTYtOGY4OC0zNDM2M2JjN2M0YzAiOnsiY3JlYXRlIjozMDAwMDAwMDAwMDAwLCJkZWxldGUiOjM2MDAwMDAwMDAwMDAsInVwZGF0ZSI6NDgwMDAwMDAwMDAwMH0sInNjaGVtYV92ZXJzaW9uIjoiMiJ9",
          "dependencies": [
            "aws_db_parameter_group.istory_db_parameter_group",
            "aws_db_subnet_group.istory_db_subnet_group",
            "aws_security_group.istory_nginx_sg",
            "aws_security_group.istory_rds_sg",
            "aws_subnet.dangtong-vpc-public-subnet",
            "aws_vpc.dangtong-vpc"
          ]
        }
      ]
    },
    {
      "mode": "managed",
      "type": "aws_db_parameter_group",
      "name": "istory_db_parameter_group",
      "provider": "provider[\"registry.terraform.io/hashicorp/aws\"]",
      "instances": [
        {
          "schema_version": 0,
          "attributes": {
            "arn": "arn:aws:rds:ap-northeast-2:529088272993:pg:istory-db-parameter-group",
            "description": "Managed by Terraform",
            "family": "mysql8.0",
            "id": "istory-db-parameter-group",
            "name": "istory-db-parameter-group",
            "name_prefix": "",
            "parameter": [
              {
                "apply_method": "immediate",
                "name": "character_set_client",
                "value": "utf8mb4"
              },
              {
                "apply_method": "immediate",
                "name": "character_set_server",
                "value": "utf8mb4"
              }
            ],
            "skip_destroy": false,
            "tags": null,
            "tags_all": {}
          },
          "sensitive_attributes": [],
          "private": "bnVsbA=="
        }
      ]
    },
    {
      "mode": "managed",
      "type": "aws_db_subnet_group",
      "name": "istory_db_subnet_group",
      "provider": "provider[\"registry.terraform.io/hashicorp/aws\"]",
      "instances": [
        {
          "schema_version": 0,
          "attributes": {
            "arn": "arn:aws:rds:ap-northeast-2:529088272993:subgrp:istory-db-subnet-group",
            "description": "Managed by Terraform",
            "id": "istory-db-subnet-group",
            "name": "istory-db-subnet-group",
            "name_prefix": "",
            "subnet_ids": [
              "subnet-036aba0836ffd5dcf",
              "subnet-082f725e39fbe6129",
              "subnet-0a0e14cf5c0e1c49b",
              "subnet-0ac8c68c18624abe2"
            ],
            "supported_network_types": [
              "IPV4"
            ],
            "tags": {
              "Name": "istory DB subnet group"
            },
            "tags_all": {
              "Name": "istory DB subnet group"
            },
            "vpc_id": "vpc-0b1d0eb83dda9f11b"
          },
          "sensitive_attributes": [],
          "private": "bnVsbA==",
          "dependencies": [
            "aws_subnet.dangtong-vpc-public-subnet",
            "aws_vpc.dangtong-vpc"
          ]
        }
      ]
    },
    {
      "mode": "managed",
      "type": "aws_iam_instance_profile",
      "name": "ec2_profile",
      "provider": "provider[\"registry.terraform.io/hashicorp/aws\"]",
      "instances": [
        {
          "schema_version": 0,
          "attributes": {
            "arn": "arn:aws:iam::529088272993:instance-profile/EC2CodeDeployProfile",
            "create_date": "2025-03-22T05:50:26Z",
            "id": "EC2CodeDeployProfile",
            "name": "EC2CodeDeployProfile",
            "name_prefix": "",
            "path": "/",
            "role": "EC2CodeDeployRole",
            "tags": null,
            "tags_all": {},
            "unique_id": "AIPAXWMA6LJQ7EYVYEXMX"
          },
          "sensitive_attributes": [],
          "private": "bnVsbA==",
          "dependencies": [
            "aws_iam_role.ec2_codedeploy_role"
          ]
        }
      ]
    },
    {
      "mode": "managed",
      "type": "aws_iam_role",
      "name": "codedeploy_service_role",
      "provider": "provider[\"registry.terraform.io/hashicorp/aws\"]",
      "instances": [
        {
          "schema_version": 0,
          "attributes": {
            "arn": "arn:aws:iam::529088272993:role/CodeDeployServiceRole",
            "assume_role_policy": "{\"Statement\":[{\"Action\":\"sts:AssumeRole\",\"Effect\":\"Allow\",\"Principal\":{\"Service\":\"codedeploy.amazonaws.com\"}}],\"Version\":\"2012-10-17\"}",
            "create_date": "2025-03-22T05:50:25Z",
            "description": "",
            "force_detach_policies": false,
            "id": "CodeDeployServiceRole",
            "inline_policy": [],
            "managed_policy_arns": [],
            "max_session_duration": 3600,
            "name": "CodeDeployServiceRole",
            "name_prefix": "",
            "path": "/",
            "permissions_boundary": "",
            "tags": {
              "Name": "codedeploy-service-role"
            },
            "tags_all": {
              "Name": "codedeploy-service-role"
            },
            "unique_id": "AROAXWMA6LJQ35DM4K5H2"
          },
          "sensitive_attributes": [],
          "private": "bnVsbA=="
        }
      ]
    },
    {
      "mode": "managed",
      "type": "aws_iam_role",
      "name": "ec2_codedeploy_role",
      "provider": "provider[\"registry.terraform.io/hashicorp/aws\"]",
      "instances": [
        {
          "schema_version": 0,
          "attributes": {
            "arn": "arn:aws:iam::529088272993:role/EC2CodeDeployRole",
            "assume_role_policy": "{\"Statement\":[{\"Action\":\"sts:AssumeRole\",\"Effect\":\"Allow\",\"Principal\":{\"Service\":\"ec2.amazonaws.com\"}}],\"Version\":\"2012-10-17\"}",
            "create_date": "2025-03-22T05:50:25Z",
            "description": "",
            "force_detach_policies": false,
            "id": "EC2CodeDeployRole",
            "inline_policy": [],
            "managed_policy_arns": [],
            "max_session_duration": 3600,
            "name": "EC2CodeDeployRole",
            "name_prefix": "",
            "path": "/",
            "permissions_boundary": "",
            "tags": {
              "Name": "ec2-codedeploy-role"
            },
            "tags_all": {
              "Name": "ec2-codedeploy-role"
            },
            "unique_id": "AROAXWMA6LJQ37V3ON3O3"
          },
          "sensitive_attributes": [],
          "private": "bnVsbA=="
        }
      ]
    },
    {
      "mode": "managed",
      "type": "aws_iam_role_policy_attachment",
      "name": "codedeploy_service",
      "provider": "provider[\"registry.terraform.io/hashicorp/aws\"]",
      "instances": [
        {
          "schema_version": 0,
          "attributes": {
            "id": "CodeDeployServiceRole-20250322055024917100000001",
            "policy_arn": "arn:aws:iam::aws:policy/service-role/AWSCodeDeployRole",
            "role": "CodeDeployServiceRole"
          },
          "sensitive_attributes": [],
          "private": "bnVsbA==",
          "dependencies": [
            "aws_iam_role.codedeploy_service_role"
          ]
        }
      ]
    },
    {
      "mode": "managed",
      "type": "aws_iam_role_policy_attachment",
      "name": "ec2_codedeploy",
      "provider": "provider[\"registry.terraform.io/hashicorp/aws\"]",
      "instances": [
        {
          "schema_version": 0,
          "attributes": {
            "id": "EC2CodeDeployRole-20250322055024948100000003",
            "policy_arn": "arn:aws:iam::aws:policy/service-role/AWSCodeDeployRole",
            "role": "EC2CodeDeployRole"
          },
          "sensitive_attributes": [],
          "private": "bnVsbA==",
          "dependencies": [
            "aws_iam_role.ec2_codedeploy_role"
          ]
        }
      ]
    },
    {
      "mode": "managed",
      "type": "aws_iam_role_policy_attachment",
      "name": "ec2_codedeploy_s3",
      "provider": "provider[\"registry.terraform.io/hashicorp/aws\"]",
      "instances": [
        {
          "schema_version": 0,
          "attributes": {
            "id": "EC2CodeDeployRole-20250322055024936100000002",
            "policy_arn": "arn:aws:iam::aws:policy/AmazonS3ReadOnlyAccess",
            "role": "EC2CodeDeployRole"
          },
          "sensitive_attributes": [],
          "private": "bnVsbA==",
          "dependencies": [
            "aws_iam_role.ec2_codedeploy_role"
          ]
        }
      ]
    },
    {
      "mode": "managed",
      "type": "aws_instance",
      "name": "dev_istory_nginx_instance",
      "provider": "provider[\"registry.terraform.io/hashicorp/aws\"]",
      "instances": [
        {
          "schema_version": 1,
          "attributes": {
            "ami": "ami-08b09b6acd8d62254",
            "arn": "arn:aws:ec2:ap-northeast-2:529088272993:instance/i-0bf84b82fc89eea47",
            "associate_public_ip_address": true,
            "availability_zone": "ap-northeast-2a",
            "capacity_reservation_specification": [
              {
                "capacity_reservation_preference": "open",
                "capacity_reservation_target": []
              }
            ],
            "cpu_core_count": 1,
            "cpu_options": [
              {
                "amd_sev_snp": "",
                "core_count": 1,
                "threads_per_core": 1
              }
            ],
            "cpu_threads_per_core": 1,
            "credit_specification": [
              {
                "cpu_credits": "standard"
              }
            ],
            "disable_api_stop": false,
            "disable_api_termination": false,
            "ebs_block_device": [],
            "ebs_optimized": false,
            "enable_primary_ipv6": null,
            "enclave_options": [
              {
                "enabled": false
              }
            ],
            "ephemeral_block_device": [],
            "get_password_data": false,
            "hibernation": false,
            "host_id": "",
            "host_resource_group_arn": null,
            "iam_instance_profile": "EC2CodeDeployProfile",
            "id": "i-0bf84b82fc89eea47",
            "instance_initiated_shutdown_behavior": "stop",
            "instance_lifecycle": "",
            "instance_market_options": [],
            "instance_state": "running",
            "instance_type": "t2.micro",
            "ipv6_address_count": 0,
            "ipv6_addresses": [],
            "key_name": "ec2-key_pair",
            "launch_template": [],
            "maintenance_options": [
              {
                "auto_recovery": "default"
              }
            ],
            "metadata_options": [
              {
                "http_endpoint": "enabled",
                "http_protocol_ipv6": "disabled",
                "http_put_response_hop_limit": 1,
                "http_tokens": "optional",
                "instance_metadata_tags": "disabled"
              }
            ],
            "monitoring": false,
            "network_interface": [],
            "outpost_arn": "",
            "password_data": "",
            "placement_group": "",
            "placement_partition_number": 0,
            "primary_network_interface_id": "eni-0ca0f9787832764b7",
            "private_dns": "ip-10-0-1-151.ap-northeast-2.compute.internal",
            "private_dns_name_options": [
              {
                "enable_resource_name_dns_a_record": false,
                "enable_resource_name_dns_aaaa_record": false,
                "hostname_type": "ip-name"
              }
            ],
            "private_ip": "10.0.1.151",
            "public_dns": "ec2-54-180-246-94.ap-northeast-2.compute.amazonaws.com",
            "public_ip": "54.180.246.94",
            "root_block_device": [
              {
                "delete_on_termination": true,
                "device_name": "/dev/xvda",
                "encrypted": false,
                "iops": 100,
                "kms_key_id": "",
                "tags": {},
                "tags_all": {},
                "throughput": 0,
                "volume_id": "vol-003cc29baf58bb653",
                "volume_size": 8,
                "volume_type": "gp2"
              }
            ],
            "secondary_private_ips": [],
            "security_groups": [],
            "source_dest_check": true,
            "spot_instance_request_id": "",
            "subnet_id": "subnet-082f725e39fbe6129",
            "tags": {
              "Environment": "Development",
              "Name": "istory nginx-server"
            },
            "tags_all": {
              "Environment": "Development",
              "Name": "istory nginx-server"
            },
            "tenancy": "default",
            "timeouts": null,
            "user_data": "89573fc17c6928260a1ff3340398cee177fd96f0",
            "user_data_base64": null,
            "user_data_replace_on_change": false,
            "volume_tags": null,
            "vpc_security_group_ids": [
              "sg-07b39445fa2de71b3"
            ]
          },
          "sensitive_attributes": [],
          "private": "eyJlMmJmYjczMC1lY2FhLTExZTYtOGY4OC0zNDM2M2JjN2M0YzAiOnsiY3JlYXRlIjo2MDAwMDAwMDAwMDAsImRlbGV0ZSI6MTIwMDAwMDAwMDAwMCwicmVhZCI6OTAwMDAwMDAwMDAwLCJ1cGRhdGUiOjYwMDAwMDAwMDAwMH0sInNjaGVtYV92ZXJzaW9uIjoiMSJ9",
          "dependencies": [
            "aws_iam_instance_profile.ec2_profile",
            "aws_iam_role.ec2_codedeploy_role",
            "aws_key_pair.ec2_key_pair",
            "aws_security_group.istory_nginx_sg",
            "aws_subnet.dangtong-vpc-public-subnet",
            "aws_vpc.dangtong-vpc",
            "tls_private_key.ec2_private_key"
          ]
        }
      ]
    },
    {
      "mode": "managed",
      "type": "aws_internet_gateway",
      "name": "dangtong-igw",
      "provider": "provider[\"registry.terraform.io/hashicorp/aws\"]",
      "instances": [
        {
          "schema_version": 0,
          "attributes": {
            "arn": "arn:aws:ec2:ap-northeast-2:529088272993:internet-gateway/igw-047bf6b8f591259d6",
            "id": "igw-047bf6b8f591259d6",
            "owner_id": "529088272993",
            "tags": {
              "Name": "dangtong-igw"
            },
            "tags_all": {
              "Name": "dangtong-igw"
            },
            "timeouts": null,
            "vpc_id": "vpc-0b1d0eb83dda9f11b"
          },
          "sensitive_attributes": [],
          "private": "eyJlMmJmYjczMC1lY2FhLTExZTYtOGY4OC0zNDM2M2JjN2M0YzAiOnsiY3JlYXRlIjoxMjAwMDAwMDAwMDAwLCJkZWxldGUiOjEyMDAwMDAwMDAwMDAsInVwZGF0ZSI6MTIwMDAwMDAwMDAwMH19",
          "dependencies": [
            "aws_vpc.dangtong-vpc"
          ]
        }
      ]
    },
    {
      "mode": "managed",
      "type": "aws_key_pair",
      "name": "ec2_key_pair",
      "provider": "provider[\"registry.terraform.io/hashicorp/aws\"]",
      "instances": [
        {
          "schema_version": 1,
          "attributes": {
            "arn": "arn:aws:ec2:ap-northeast-2:529088272993:key-pair/ec2-key_pair",
            "fingerprint": "ff:14:0d:96:ad:61:e0:75:60:7e:10:bd:72:07:10:85",
            "id": "ec2-key_pair",
            "key_name": "ec2-key_pair",
            "key_name_prefix": "",
            "key_pair_id": "key-09a09649676820a53",
            "key_type": "rsa",
            "public_key": "ssh-rsa AAAAB3NzaC1yc2EAAAADAQABAAABAQDO/J4mqrCLlhDNxDqK1RHS+0dlyo0o5BI0uCLjTNt7oT0k09YF22rDk6ljNDm3a94qqxv9DxvqVNwZc8fnQlNjD0Bgr3kktbWES/Nf/glzwrBnqJ94kjV6Nqwmce8q7DkjixHxA4AufjDlYpx4MQvVjJq61/T/tSGck69Tl0s4b3OFtHmGbCydt67Y3iBEIsubQnEb3L6M6HNoRI58fvF7j7t1HKyxl82H0D2bqwLdIa/c2HD0Dll2/NtpfCfTqyKlRn3qsScAZn54dE+RTmFpMTEHSSq9QsdoiZOZ16gAOD7dhBmjAt0ZYlSkukEHAhdviKYop4aKY6dyMe4EQ6yn",
            "tags": null,
            "tags_all": {}
          },
          "sensitive_attributes": [],
          "private": "eyJzY2hlbWFfdmVyc2lvbiI6IjEifQ==",
          "dependencies": [
            "tls_private_key.ec2_private_key"
          ]
        }
      ]
    },
    {
      "mode": "managed",
      "type": "aws_route_table",
      "name": "dangtong-vpc-public-rt",
      "provider": "provider[\"registry.terraform.io/hashicorp/aws\"]",
      "instances": [
        {
          "schema_version": 0,
          "attributes": {
            "arn": "arn:aws:ec2:ap-northeast-2:529088272993:route-table/rtb-0cb130915b7f9b9d3",
            "id": "rtb-0cb130915b7f9b9d3",
            "owner_id": "529088272993",
            "propagating_vgws": [],
            "route": [
              {
                "carrier_gateway_id": "",
                "cidr_block": "0.0.0.0/0",
                "core_network_arn": "",
                "destination_prefix_list_id": "",
                "egress_only_gateway_id": "",
                "gateway_id": "igw-047bf6b8f591259d6",
                "ipv6_cidr_block": "",
                "local_gateway_id": "",
                "nat_gateway_id": "",
                "network_interface_id": "",
                "transit_gateway_id": "",
                "vpc_endpoint_id": "",
                "vpc_peering_connection_id": ""
              }
            ],
            "tags": {
              "Name": "dangtong-vpc-public-rt"
            },
            "tags_all": {
              "Name": "dangtong-vpc-public-rt"
            },
            "timeouts": null,
            "vpc_id": "vpc-0b1d0eb83dda9f11b"
          },
          "sensitive_attributes": [],
          "private": "eyJlMmJmYjczMC1lY2FhLTExZTYtOGY4OC0zNDM2M2JjN2M0YzAiOnsiY3JlYXRlIjozMDAwMDAwMDAwMDAsImRlbGV0ZSI6MzAwMDAwMDAwMDAwLCJ1cGRhdGUiOjEyMDAwMDAwMDAwMH19",
          "dependencies": [
            "aws_internet_gateway.dangtong-igw",
            "aws_vpc.dangtong-vpc"
          ]
        }
      ]
    },
    {
      "mode": "managed",
      "type": "aws_route_table_association",
      "name": "dangtong-vpc-public-rt",
      "provider": "provider[\"registry.terraform.io/hashicorp/aws\"]",
      "instances": [
        {
          "index_key": "a",
          "schema_version": 0,
          "attributes": {
            "gateway_id": "",
            "id": "rtbassoc-0597e2aa5e722d9cc",
            "route_table_id": "rtb-0cb130915b7f9b9d3",
            "subnet_id": "subnet-082f725e39fbe6129",
            "timeouts": null
          },
          "sensitive_attributes": [],
          "private": "eyJlMmJmYjczMC1lY2FhLTExZTYtOGY4OC0zNDM2M2JjN2M0YzAiOnsiY3JlYXRlIjozMDAwMDAwMDAwMDAsImRlbGV0ZSI6MzAwMDAwMDAwMDAwLCJ1cGRhdGUiOjEyMDAwMDAwMDAwMH19",
          "dependencies": [
            "aws_internet_gateway.dangtong-igw",
            "aws_route_table.dangtong-vpc-public-rt",
            "aws_subnet.dangtong-vpc-public-subnet",
            "aws_vpc.dangtong-vpc"
          ]
        },
        {
          "index_key": "b",
          "schema_version": 0,
          "attributes": {
            "gateway_id": "",
            "id": "rtbassoc-04ad13dd3264e7ff6",
            "route_table_id": "rtb-0cb130915b7f9b9d3",
            "subnet_id": "subnet-0ac8c68c18624abe2",
            "timeouts": null
          },
          "sensitive_attributes": [],
          "private": "eyJlMmJmYjczMC1lY2FhLTExZTYtOGY4OC0zNDM2M2JjN2M0YzAiOnsiY3JlYXRlIjozMDAwMDAwMDAwMDAsImRlbGV0ZSI6MzAwMDAwMDAwMDAwLCJ1cGRhdGUiOjEyMDAwMDAwMDAwMH19",
          "dependencies": [
            "aws_internet_gateway.dangtong-igw",
            "aws_route_table.dangtong-vpc-public-rt",
            "aws_subnet.dangtong-vpc-public-subnet",
            "aws_vpc.dangtong-vpc"
          ]
        },
        {
          "index_key": "c",
          "schema_version": 0,
          "attributes": {
            "gateway_id": "",
            "id": "rtbassoc-077da9b302b5a80f3",
            "route_table_id": "rtb-0cb130915b7f9b9d3",
            "subnet_id": "subnet-036aba0836ffd5dcf",
            "timeouts": null
          },
          "sensitive_attributes": [],
          "private": "eyJlMmJmYjczMC1lY2FhLTExZTYtOGY4OC0zNDM2M2JjN2M0YzAiOnsiY3JlYXRlIjozMDAwMDAwMDAwMDAsImRlbGV0ZSI6MzAwMDAwMDAwMDAwLCJ1cGRhdGUiOjEyMDAwMDAwMDAwMH19",
          "dependencies": [
            "aws_internet_gateway.dangtong-igw",
            "aws_route_table.dangtong-vpc-public-rt",
            "aws_subnet.dangtong-vpc-public-subnet",
            "aws_vpc.dangtong-vpc"
          ]
        },
        {
          "index_key": "d",
          "schema_version": 0,
          "attributes": {
            "gateway_id": "",
            "id": "rtbassoc-0cdc5633084d12690",
            "route_table_id": "rtb-0cb130915b7f9b9d3",
            "subnet_id": "subnet-0a0e14cf5c0e1c49b",
            "timeouts": null
          },
          "sensitive_attributes": [],
          "private": "eyJlMmJmYjczMC1lY2FhLTExZTYtOGY4OC0zNDM2M2JjN2M0YzAiOnsiY3JlYXRlIjozMDAwMDAwMDAwMDAsImRlbGV0ZSI6MzAwMDAwMDAwMDAwLCJ1cGRhdGUiOjEyMDAwMDAwMDAwMH19",
          "dependencies": [
            "aws_internet_gateway.dangtong-igw",
            "aws_route_table.dangtong-vpc-public-rt",
            "aws_subnet.dangtong-vpc-public-subnet",
            "aws_vpc.dangtong-vpc"
          ]
        }
      ]
    },
    {
      "mode": "managed",
      "type": "aws_s3_bucket",
      "name": "istory-deploy-bucket",
      "provider": "provider[\"registry.terraform.io/hashicorp/aws\"]",
      "instances": [
        {
          "schema_version": 0,
          "attributes": {
            "acceleration_status": "",
            "acl": null,
            "arn": "arn:aws:s3:::istory-deploy-bucket-529088272993",
            "bucket": "istory-deploy-bucket-529088272993",
            "bucket_domain_name": "istory-deploy-bucket-529088272993.s3.amazonaws.com",
            "bucket_prefix": "",
            "bucket_regional_domain_name": "istory-deploy-bucket-529088272993.s3.ap-northeast-2.amazonaws.com",
            "cors_rule": [],
            "force_destroy": false,
            "grant": [
              {
                "id": "da202286dfd38167d4f522bb1a2525fdca400377c2cfc8eaad12df6480ede2d7",
                "permissions": [
                  "FULL_CONTROL"
                ],
                "type": "CanonicalUser",
                "uri": ""
              }
            ],
            "hosted_zone_id": "Z3W03O7B5YMIYP",
            "id": "istory-deploy-bucket-529088272993",
            "lifecycle_rule": [],
            "logging": [],
            "object_lock_configuration": [],
            "object_lock_enabled": false,
            "policy": "",
            "region": "ap-northeast-2",
            "replication_configuration": [],
            "request_payer": "BucketOwner",
            "server_side_encryption_configuration": [
              {
                "rule": [
                  {
                    "apply_server_side_encryption_by_default": [
                      {
                        "kms_master_key_id": "",
                        "sse_algorithm": "AES256"
                      }
                    ],
                    "bucket_key_enabled": false
                  }
                ]
              }
            ],
            "tags": null,
            "tags_all": {},
            "timeouts": null,
            "versioning": [
              {
                "enabled": false,
                "mfa_delete": false
              }
            ],
            "website": [],
            "website_domain": null,
            "website_endpoint": null
          },
          "sensitive_attributes": [],
          "private": "eyJlMmJmYjczMC1lY2FhLTExZTYtOGY4OC0zNDM2M2JjN2M0YzAiOnsiY3JlYXRlIjoxMjAwMDAwMDAwMDAwLCJkZWxldGUiOjM2MDAwMDAwMDAwMDAsInJlYWQiOjEyMDAwMDAwMDAwMDAsInVwZGF0ZSI6MTIwMDAwMDAwMDAwMH19",
          "dependencies": [
            "data.aws_caller_identity.current"
          ]
        }
      ]
    },
    {
      "mode": "managed",
      "type": "aws_s3_bucket_versioning",
      "name": "deploy_bucket_versioning",
      "provider": "provider[\"registry.terraform.io/hashicorp/aws\"]",
      "instances": [
        {
          "schema_version": 0,
          "attributes": {
            "bucket": "istory-deploy-bucket-529088272993",
            "expected_bucket_owner": "",
            "id": "istory-deploy-bucket-529088272993",
            "mfa": null,
            "versioning_configuration": [
              {
                "mfa_delete": "",
                "status": "Enabled"
              }
            ]
          },
          "sensitive_attributes": [],
          "private": "bnVsbA==",
          "dependencies": [
            "aws_s3_bucket.istory-deploy-bucket",
            "data.aws_caller_identity.current"
          ]
        }
      ]
    },
    {
      "mode": "managed",
      "type": "aws_security_group",
      "name": "istory_nginx_sg",
      "provider": "provider[\"registry.terraform.io/hashicorp/aws\"]",
      "instances": [
        {
          "schema_version": 1,
          "attributes": {
            "arn": "arn:aws:ec2:ap-northeast-2:529088272993:security-group/sg-07b39445fa2de71b3",
            "description": "Managed by Terraform",
            "egress": [
              {
                "cidr_blocks": [
                  "0.0.0.0/0"
                ],
                "description": "",
                "from_port": 0,
                "ipv6_cidr_blocks": [],
                "prefix_list_ids": [],
                "protocol": "-1",
                "security_groups": [],
                "self": false,
                "to_port": 0
              }
            ],
            "id": "sg-07b39445fa2de71b3",
            "ingress": [
              {
                "cidr_blocks": [
                  "0.0.0.0/0"
                ],
                "description": "Allow HTTP",
                "from_port": 8080,
                "ipv6_cidr_blocks": [],
                "prefix_list_ids": [],
                "protocol": "tcp",
                "security_groups": [],
                "self": false,
                "to_port": 8080
              },
              {
                "cidr_blocks": [
                  "0.0.0.0/0"
                ],
                "description": "Allow SSH",
                "from_port": 22,
                "ipv6_cidr_blocks": [],
                "prefix_list_ids": [],
                "protocol": "tcp",
                "security_groups": [],
                "self": false,
                "to_port": 22
              }
            ],
            "name": "istory nginx sg20250322055034326300000004",
            "name_prefix": "istory nginx sg",
            "owner_id": "529088272993",
            "revoke_rules_on_delete": false,
            "tags": null,
            "tags_all": {},
            "timeouts": null,
            "vpc_id": "vpc-0b1d0eb83dda9f11b"
          },
          "sensitive_attributes": [],
          "private": "eyJlMmJmYjczMC1lY2FhLTExZTYtOGY4OC0zNDM2M2JjN2M0YzAiOnsiY3JlYXRlIjo2MDAwMDAwMDAwMDAsImRlbGV0ZSI6OTAwMDAwMDAwMDAwfSwic2NoZW1hX3ZlcnNpb24iOiIxIn0=",
          "dependencies": [
            "aws_vpc.dangtong-vpc"
          ]
        }
      ]
    },
    {
      "mode": "managed",
      "type": "aws_security_group",
      "name": "istory_rds_sg",
      "provider": "provider[\"registry.terraform.io/hashicorp/aws\"]",
      "instances": [
        {
          "schema_version": 1,
          "attributes": {
            "arn": "arn:aws:ec2:ap-northeast-2:529088272993:security-group/sg-0e27c10e459748067",
            "description": "Managed by Terraform",
            "egress": [
              {
                "cidr_blocks": [
                  "0.0.0.0/0"
                ],
                "description": "",
                "from_port": 0,
                "ipv6_cidr_blocks": [],
                "prefix_list_ids": [],
                "protocol": "-1",
                "security_groups": [],
                "self": false,
                "to_port": 0
              }
            ],
            "id": "sg-0e27c10e459748067",
            "ingress": [
              {
                "cidr_blocks": [],
                "description": "Allow MySQL from EC2",
                "from_port": 3306,
                "ipv6_cidr_blocks": [],
                "prefix_list_ids": [],
                "protocol": "tcp",
                "security_groups": [
                  "sg-07b39445fa2de71b3"
                ],
                "self": false,
                "to_port": 3306
              }
            ],
            "name": "istory rds sg20250322055036799100000006",
            "name_prefix": "istory rds sg",
            "owner_id": "529088272993",
            "revoke_rules_on_delete": false,
            "tags": {
              "Name": "istory-rds-sg"
            },
            "tags_all": {
              "Name": "istory-rds-sg"
            },
            "timeouts": null,
            "vpc_id": "vpc-0b1d0eb83dda9f11b"
          },
          "sensitive_attributes": [],
          "private": "eyJlMmJmYjczMC1lY2FhLTExZTYtOGY4OC0zNDM2M2JjN2M0YzAiOnsiY3JlYXRlIjo2MDAwMDAwMDAwMDAsImRlbGV0ZSI6OTAwMDAwMDAwMDAwfSwic2NoZW1hX3ZlcnNpb24iOiIxIn0=",
          "dependencies": [
            "aws_security_group.istory_nginx_sg",
            "aws_vpc.dangtong-vpc"
          ]
        }
      ]
    },
    {
      "mode": "managed",
      "type": "aws_subnet",
      "name": "dangtong-vpc-public-subnet",
      "provider": "provider[\"registry.terraform.io/hashicorp/aws\"]",
      "instances": [
        {
          "index_key": "a",
          "schema_version": 1,
          "attributes": {
            "arn": "arn:aws:ec2:ap-northeast-2:529088272993:subnet/subnet-082f725e39fbe6129",
            "assign_ipv6_address_on_creation": false,
            "availability_zone": "ap-northeast-2a",
            "availability_zone_id": "apne2-az1",
            "cidr_block": "10.0.1.0/24",
            "customer_owned_ipv4_pool": "",
            "enable_dns64": false,
            "enable_lni_at_device_index": 0,
            "enable_resource_name_dns_a_record_on_launch": false,
            "enable_resource_name_dns_aaaa_record_on_launch": false,
            "id": "subnet-082f725e39fbe6129",
            "ipv6_cidr_block": "",
            "ipv6_cidr_block_association_id": "",
            "ipv6_native": false,
            "map_customer_owned_ip_on_launch": false,
            "map_public_ip_on_launch": true,
            "outpost_arn": "",
            "owner_id": "529088272993",
            "private_dns_hostname_type_on_launch": "ip-name",
            "tags": {
              "Name": "dangtong-vpc-public-subnet-a"
            },
            "tags_all": {
              "Name": "dangtong-vpc-public-subnet-a"
            },
            "timeouts": null,
            "vpc_id": "vpc-0b1d0eb83dda9f11b"
          },
          "sensitive_attributes": [],
          "private": "eyJlMmJmYjczMC1lY2FhLTExZTYtOGY4OC0zNDM2M2JjN2M0YzAiOnsiY3JlYXRlIjo2MDAwMDAwMDAwMDAsImRlbGV0ZSI6MTIwMDAwMDAwMDAwMH0sInNjaGVtYV92ZXJzaW9uIjoiMSJ9",
          "dependencies": [
            "aws_vpc.dangtong-vpc"
          ]
        },
        {
          "index_key": "b",
          "schema_version": 1,
          "attributes": {
            "arn": "arn:aws:ec2:ap-northeast-2:529088272993:subnet/subnet-0ac8c68c18624abe2",
            "assign_ipv6_address_on_creation": false,
            "availability_zone": "ap-northeast-2b",
            "availability_zone_id": "apne2-az2",
            "cidr_block": "10.0.2.0/24",
            "customer_owned_ipv4_pool": "",
            "enable_dns64": false,
            "enable_lni_at_device_index": 0,
            "enable_resource_name_dns_a_record_on_launch": false,
            "enable_resource_name_dns_aaaa_record_on_launch": false,
            "id": "subnet-0ac8c68c18624abe2",
            "ipv6_cidr_block": "",
            "ipv6_cidr_block_association_id": "",
            "ipv6_native": false,
            "map_customer_owned_ip_on_launch": false,
            "map_public_ip_on_launch": true,
            "outpost_arn": "",
            "owner_id": "529088272993",
            "private_dns_hostname_type_on_launch": "ip-name",
            "tags": {
              "Name": "dangtong-vpc-public-subnet-b"
            },
            "tags_all": {
              "Name": "dangtong-vpc-public-subnet-b"
            },
            "timeouts": null,
            "vpc_id": "vpc-0b1d0eb83dda9f11b"
          },
          "sensitive_attributes": [],
          "private": "eyJlMmJmYjczMC1lY2FhLTExZTYtOGY4OC0zNDM2M2JjN2M0YzAiOnsiY3JlYXRlIjo2MDAwMDAwMDAwMDAsImRlbGV0ZSI6MTIwMDAwMDAwMDAwMH0sInNjaGVtYV92ZXJzaW9uIjoiMSJ9",
          "dependencies": [
            "aws_vpc.dangtong-vpc"
          ]
        },
        {
          "index_key": "c",
          "schema_version": 1,
          "attributes": {
            "arn": "arn:aws:ec2:ap-northeast-2:529088272993:subnet/subnet-036aba0836ffd5dcf",
            "assign_ipv6_address_on_creation": false,
            "availability_zone": "ap-northeast-2c",
            "availability_zone_id": "apne2-az3",
            "cidr_block": "10.0.3.0/24",
            "customer_owned_ipv4_pool": "",
            "enable_dns64": false,
            "enable_lni_at_device_index": 0,
            "enable_resource_name_dns_a_record_on_launch": false,
            "enable_resource_name_dns_aaaa_record_on_launch": false,
            "id": "subnet-036aba0836ffd5dcf",
            "ipv6_cidr_block": "",
            "ipv6_cidr_block_association_id": "",
            "ipv6_native": false,
            "map_customer_owned_ip_on_launch": false,
            "map_public_ip_on_launch": true,
            "outpost_arn": "",
            "owner_id": "529088272993",
            "private_dns_hostname_type_on_launch": "ip-name",
            "tags": {
              "Name": "dangtong-vpc-public-subnet-c"
            },
            "tags_all": {
              "Name": "dangtong-vpc-public-subnet-c"
            },
            "timeouts": null,
            "vpc_id": "vpc-0b1d0eb83dda9f11b"
          },
          "sensitive_attributes": [],
          "private": "eyJlMmJmYjczMC1lY2FhLTExZTYtOGY4OC0zNDM2M2JjN2M0YzAiOnsiY3JlYXRlIjo2MDAwMDAwMDAwMDAsImRlbGV0ZSI6MTIwMDAwMDAwMDAwMH0sInNjaGVtYV92ZXJzaW9uIjoiMSJ9",
          "dependencies": [
            "aws_vpc.dangtong-vpc"
          ]
        },
        {
          "index_key": "d",
          "schema_version": 1,
          "attributes": {
            "arn": "arn:aws:ec2:ap-northeast-2:529088272993:subnet/subnet-0a0e14cf5c0e1c49b",
            "assign_ipv6_address_on_creation": false,
            "availability_zone": "ap-northeast-2d",
            "availability_zone_id": "apne2-az4",
            "cidr_block": "10.0.4.0/24",
            "customer_owned_ipv4_pool": "",
            "enable_dns64": false,
            "enable_lni_at_device_index": 0,
            "enable_resource_name_dns_a_record_on_launch": false,
            "enable_resource_name_dns_aaaa_record_on_launch": false,
            "id": "subnet-0a0e14cf5c0e1c49b",
            "ipv6_cidr_block": "",
            "ipv6_cidr_block_association_id": "",
            "ipv6_native": false,
            "map_customer_owned_ip_on_launch": false,
            "map_public_ip_on_launch": true,
            "outpost_arn": "",
            "owner_id": "529088272993",
            "private_dns_hostname_type_on_launch": "ip-name",
            "tags": {
              "Name": "dangtong-vpc-public-subnet-d"
            },
            "tags_all": {
              "Name": "dangtong-vpc-public-subnet-d"
            },
            "timeouts": null,
            "vpc_id": "vpc-0b1d0eb83dda9f11b"
          },
          "sensitive_attributes": [],
          "private": "eyJlMmJmYjczMC1lY2FhLTExZTYtOGY4OC0zNDM2M2JjN2M0YzAiOnsiY3JlYXRlIjo2MDAwMDAwMDAwMDAsImRlbGV0ZSI6MTIwMDAwMDAwMDAwMH0sInNjaGVtYV92ZXJzaW9uIjoiMSJ9",
          "dependencies": [
            "aws_vpc.dangtong-vpc"
          ]
        }
      ]
    },
    {
      "mode": "managed",
      "type": "aws_vpc",
      "name": "dangtong-vpc",
      "provider": "provider[\"registry.terraform.io/hashicorp/aws\"]",
      "instances": [
        {
          "schema_version": 1,
          "attributes": {
            "arn": "arn:aws:ec2:ap-northeast-2:529088272993:vpc/vpc-0b1d0eb83dda9f11b",
            "assign_generated_ipv6_cidr_block": false,
            "cidr_block": "10.0.0.0/16",
            "default_network_acl_id": "acl-0367b193b297f174e",
            "default_route_table_id": "rtb-0125f0836e3c92d99",
            "default_security_group_id": "sg-04f1b6a98669f241f",
            "dhcp_options_id": "dopt-0765fa313ff5bf0ef",
            "enable_dns_hostnames": true,
            "enable_dns_support": true,
            "enable_network_address_usage_metrics": false,
            "id": "vpc-0b1d0eb83dda9f11b",
            "instance_tenancy": "default",
            "ipv4_ipam_pool_id": null,
            "ipv4_netmask_length": null,
            "ipv6_association_id": "",
            "ipv6_cidr_block": "",
            "ipv6_cidr_block_network_border_group": "",
            "ipv6_ipam_pool_id": "",
            "ipv6_netmask_length": 0,
            "main_route_table_id": "rtb-0125f0836e3c92d99",
            "owner_id": "529088272993",
            "tags": {
              "Name": "dangtong-vpc"
            },
            "tags_all": {
              "Name": "dangtong-vpc"
            }
          },
          "sensitive_attributes": [],
          "private": "eyJzY2hlbWFfdmVyc2lvbiI6IjEifQ=="
        }
      ]
    },
    {
      "mode": "managed",
      "type": "tls_private_key",
      "name": "ec2_private_key",
      "provider": "provider[\"registry.terraform.io/hashicorp/tls\"]",
      "instances": [
        {
          "schema_version": 1,
          "attributes": {
            "algorithm": "RSA",
            "ecdsa_curve": "P224",
            "id": "295917b2848b838a858bccafc7ad64e6cbf3779d",
            "private_key_openssh": "-----BEGIN OPENSSH PRIVATE KEY-----\nb3BlbnNzaC1rZXktdjEAAAAABG5vbmUAAAAEbm9uZQAAAAAAAAABAAABFwAAAAdz\nc2gtcnNhAAAAAwEAAQAAAQEAzvyeJqqwi5YQzcQ6itUR0vtHZcqNKOQSNLgi40zb\ne6E9JNPWBdtqw5OpYzQ5t2veKqsb/Q8b6lTcGXPH50JTYw9AYK95JLW1hEvzX/4J\nc8KwZ6ifeJI1ejasJnHvKuw5I4sR8QOALn4w5WKceDEL1Yyautf0/7UhnJOvU5dL\nOG9zhbR5hmwsnbeu2N4gRCLLm0JxG9y+jOhzaESOfH7xe4+7dRyssZfNh9A9m6sC\n3SGv3Nhw9A5ZdvzbaXwn06sipUZ96rEnAGZ+eHRPkU5haTExB0kqvULHaImTmdeo\nADg+3YQZowLdGWJUpLpBBwIXb4imKKeGimOncjHuBEOspwAAA7hZKXedWSl3nQAA\nAAdzc2gtcnNhAAABAQDO/J4mqrCLlhDNxDqK1RHS+0dlyo0o5BI0uCLjTNt7oT0k\n09YF22rDk6ljNDm3a94qqxv9DxvqVNwZc8fnQlNjD0Bgr3kktbWES/Nf/glzwrBn\nqJ94kjV6Nqwmce8q7DkjixHxA4AufjDlYpx4MQvVjJq61/T/tSGck69Tl0s4b3OF\ntHmGbCydt67Y3iBEIsubQnEb3L6M6HNoRI58fvF7j7t1HKyxl82H0D2bqwLdIa/c\n2HD0Dll2/NtpfCfTqyKlRn3qsScAZn54dE+RTmFpMTEHSSq9QsdoiZOZ16gAOD7d\nhBmjAt0ZYlSkukEHAhdviKYop4aKY6dyMe4EQ6ynAAAAAwEAAQAAAQEAnIa8slDy\nIRziqDh0bPij+gC8BWYfSYTvn56AA5PjhqJwMqFfgB5lpnDL75FW9DZGU84B5GTA\nn3x81WKREXk+xfKKpJMN8YzYL6uf6D+btkbMUBdcQTmP51Pg61HNo4/vxcktUC1t\nibs0DsN7wAiXAm7Js/IL/DNlr5qfQ39uCsYhAl/v3Z+IXLDZsdJPDRp4DgG2NfWS\nhlqrM8oEj60px1vGXiQ/+ycN/yFzEOm1PnmDKlF/NdDx0RHfeywZ88wVap2sO0qE\naB+9wVinymr9ckYH+K+2xiVch2X/u3u842cPe9YeTrAzmw2jkaNTFc8uOungCE7B\nA/OxeKc4SCJ6gQAAAIAnonP8xDWH1aZvY/JbohhfFbWpVYYiFgeAh6iwNgzb+Z3K\ncVRp1wQM+ypttJUY6LhRCaRIJeIidIWAlTEvNQLsEnONat5jti+ChTwMQ6k6mwoy\nWpY5YTDvLjc/PrPk1G42D7lJcVPNndAXWq/04YII+2J13PdNmRDQUpQOQs8LlwAA\nAIEA8Gsme5Fgcr4bgP99VdKzE4TbHi0r6vplT4AoHoYci0MDYH+c1dLxCNoYO503\n5gGhaS01Q+GJcUTFIp9dVgSKbVlEbeKknx3Zdhj7GO/rF10+aMTDK3uZSUIrzoIn\nk54gpL3YZGp2JFf5BGA+sEjObk7xrKreNVX4qTd8yXzrei8AAACBANxmyrno5las\nxpXjZiiKQ5mhKMeMpshFSvkvnYfWuLeFwOOwZIi61C1RxspRnAhcJeSQX2W7CUTA\nL8jrx9kfuBIIrQZGKjPm07+YrHLn3yMNIPhzKbljpmvHD5cM4mjvkGBMBf0ujpxZ\nb0Vxx3PaFWQQjj11HVzYE5tcV2pznm8JAAAAAAEC\n-----END OPENSSH PRIVATE KEY-----\n",
            "private_key_pem": "-----BEGIN RSA PRIVATE KEY-----\nMIIEpQIBAAKCAQEAzvyeJqqwi5YQzcQ6itUR0vtHZcqNKOQSNLgi40zbe6E9JNPW\nBdtqw5OpYzQ5t2veKqsb/Q8b6lTcGXPH50JTYw9AYK95JLW1hEvzX/4Jc8KwZ6if\neJI1ejasJnHvKuw5I4sR8QOALn4w5WKceDEL1Yyautf0/7UhnJOvU5dLOG9zhbR5\nhmwsnbeu2N4gRCLLm0JxG9y+jOhzaESOfH7xe4+7dRyssZfNh9A9m6sC3SGv3Nhw\n9A5ZdvzbaXwn06sipUZ96rEnAGZ+eHRPkU5haTExB0kqvULHaImTmdeoADg+3YQZ\nowLdGWJUpLpBBwIXb4imKKeGimOncjHuBEOspwIDAQABAoIBAQCchryyUPIhHOKo\nOHRs+KP6ALwFZh9JhO+fnoADk+OGonAyoV+AHmWmcMvvkVb0NkZTzgHkZMCffHzV\nYpEReT7F8oqkkw3xjNgvq5/oP5u2RsxQF1xBOY/nU+DrUc2jj+/FyS1QLW2JuzQO\nw3vACJcCbsmz8gv8M2Wvmp9Df24KxiECX+/dn4hcsNmx0k8NGngOAbY19ZKGWqsz\nygSPrSnHW8ZeJD/7Jw3/IXMQ6bU+eYMqUX810PHREd97LBnzzBVqnaw7SoRoH73B\nWKfKav1yRgf4r7bGJVyHZf+7e7zjZw971h5OsDObDaORo1MVzy466eAITsED87F4\npzhIInqBAoGBAPBrJnuRYHK+G4D/fVXSsxOE2x4tK+r6ZU+AKB6GHItDA2B/nNXS\n8QjaGDudN+YBoWktNUPhiXFExSKfXVYEim1ZRG3ipJ8d2XYY+xjv6xddPmjEwyt7\nmUlCK86CJ5OeIKS92GRqdiRX+QRgPrBIzm5O8ayq3jVV+Kk3fMl863ovAoGBANxm\nyrno5lasxpXjZiiKQ5mhKMeMpshFSvkvnYfWuLeFwOOwZIi61C1RxspRnAhcJeSQ\nX2W7CUTAL8jrx9kfuBIIrQZGKjPm07+YrHLn3yMNIPhzKbljpmvHD5cM4mjvkGBM\nBf0ujpxZb0Vxx3PaFWQQjj11HVzYE5tcV2pznm8JAoGBAN73wNzg2r4PqZpdWHP7\n0LDNihnWcuCeEM9GX+7PGjHdmIgqUd3MoFZBTjAbgvgBkxzkHH4z8S/nQ5z0h696\nzpbTLy9p/prDKCbqzBU4jKNCitrHgOoW2vaiM9Z1xxaUlFm057dZNPBH1l5ElF8R\nZsHO3Tvxy9tTPCZTm5uSCyFpAoGBAJWwAnNtKDMpuN3HyXQzI2JNwAJ3FjbiSN8g\nZZ8CSAXsg2qgPEdYjA4Tgi2aa5yJ6Ppoy0GuW8cjt9B/wgVGs58b4Vdng/YoCRwR\nNt37eOK3YfMbU/UjJr4APihaidK3EZk1SMQBQL4TR60kb0/Rh8GkNNasmbqazgYw\nGvaje7DxAoGAJ6Jz/MQ1h9Wmb2PyW6IYXxW1qVWGIhYHgIeosDYM2/mdynFUadcE\nDPsqbbSVGOi4UQmkSCXiInSFgJUxLzUC7BJzjWreY7YvgoU8DEOpOpsKMlqWOWEw\n7y43Pz6z5NRuNg+5SXFTzZ3QF1qv9OGCCPtiddz3TZkQ0FKUDkLPC5c=\n-----END RSA PRIVATE KEY-----\n",
            "private_key_pem_pkcs8": "-----BEGIN PRIVATE KEY-----\nMIIEvwIBADANBgkqhkiG9w0BAQEFAASCBKkwggSlAgEAAoIBAQDO/J4mqrCLlhDN\nxDqK1RHS+0dlyo0o5BI0uCLjTNt7oT0k09YF22rDk6ljNDm3a94qqxv9DxvqVNwZ\nc8fnQlNjD0Bgr3kktbWES/Nf/glzwrBnqJ94kjV6Nqwmce8q7DkjixHxA4AufjDl\nYpx4MQvVjJq61/T/tSGck69Tl0s4b3OFtHmGbCydt67Y3iBEIsubQnEb3L6M6HNo\nRI58fvF7j7t1HKyxl82H0D2bqwLdIa/c2HD0Dll2/NtpfCfTqyKlRn3qsScAZn54\ndE+RTmFpMTEHSSq9QsdoiZOZ16gAOD7dhBmjAt0ZYlSkukEHAhdviKYop4aKY6dy\nMe4EQ6ynAgMBAAECggEBAJyGvLJQ8iEc4qg4dGz4o/oAvAVmH0mE75+egAOT44ai\ncDKhX4AeZaZwy++RVvQ2RlPOAeRkwJ98fNVikRF5PsXyiqSTDfGM2C+rn+g/m7ZG\nzFAXXEE5j+dT4OtRzaOP78XJLVAtbYm7NA7De8AIlwJuybPyC/wzZa+an0N/bgrG\nIQJf792fiFyw2bHSTw0aeA4BtjX1koZaqzPKBI+tKcdbxl4kP/snDf8hcxDptT55\ngypRfzXQ8dER33ssGfPMFWqdrDtKhGgfvcFYp8pq/XJGB/ivtsYlXIdl/7t7vONn\nD3vWHk6wM5sNo5GjUxXPLjrp4AhOwQPzsXinOEgieoECgYEA8Gsme5Fgcr4bgP99\nVdKzE4TbHi0r6vplT4AoHoYci0MDYH+c1dLxCNoYO5035gGhaS01Q+GJcUTFIp9d\nVgSKbVlEbeKknx3Zdhj7GO/rF10+aMTDK3uZSUIrzoInk54gpL3YZGp2JFf5BGA+\nsEjObk7xrKreNVX4qTd8yXzrei8CgYEA3GbKuejmVqzGleNmKIpDmaEox4ymyEVK\n+S+dh9a4t4XA47BkiLrULVHGylGcCFwl5JBfZbsJRMAvyOvH2R+4EgitBkYqM+bT\nv5iscuffIw0g+HMpuWOma8cPlwziaO+QYEwF/S6OnFlvRXHHc9oVZBCOPXUdXNgT\nm1xXanOebwkCgYEA3vfA3ODavg+pml1Yc/vQsM2KGdZy4J4Qz0Zf7s8aMd2YiCpR\n3cygVkFOMBuC+AGTHOQcfjPxL+dDnPSHr3rOltMvL2n+msMoJurMFTiMo0KK2seA\n6hba9qIz1nXHFpSUWbTnt1k08EfWXkSUXxFmwc7dO/HL21M8JlObm5ILIWkCgYEA\nlbACc20oMym43cfJdDMjYk3AAncWNuJI3yBlnwJIBeyDaqA8R1iMDhOCLZprnIno\n+mjLQa5bxyO30H/CBUaznxvhV2eD9igJHBE23ft44rdh8xtT9SMmvgA+KFqJ0rcR\nmTVIxAFAvhNHrSRvT9GHwaQ01qyZuprOBjAa9qN7sPECgYAnonP8xDWH1aZvY/Jb\nohhfFbWpVYYiFgeAh6iwNgzb+Z3KcVRp1wQM+ypttJUY6LhRCaRIJeIidIWAlTEv\nNQLsEnONat5jti+ChTwMQ6k6mwoyWpY5YTDvLjc/PrPk1G42D7lJcVPNndAXWq/0\n4YII+2J13PdNmRDQUpQOQs8Llw==\n-----END PRIVATE KEY-----\n",
            "public_key_fingerprint_md5": "8b:23:ee:17:db:c0:cc:75:35:a8:2b:5d:95:c5:23:41",
            "public_key_fingerprint_sha256": "SHA256:UT2rhgZmaE5Frqlb2+YeqJBAza2MFk7AOnXqAdKWYNg",
            "public_key_openssh": "ssh-rsa AAAAB3NzaC1yc2EAAAADAQABAAABAQDO/J4mqrCLlhDNxDqK1RHS+0dlyo0o5BI0uCLjTNt7oT0k09YF22rDk6ljNDm3a94qqxv9DxvqVNwZc8fnQlNjD0Bgr3kktbWES/Nf/glzwrBnqJ94kjV6Nqwmce8q7DkjixHxA4AufjDlYpx4MQvVjJq61/T/tSGck69Tl0s4b3OFtHmGbCydt67Y3iBEIsubQnEb3L6M6HNoRI58fvF7j7t1HKyxl82H0D2bqwLdIa/c2HD0Dll2/NtpfCfTqyKlRn3qsScAZn54dE+RTmFpMTEHSSq9QsdoiZOZ16gAOD7dhBmjAt0ZYlSkukEHAhdviKYop4aKY6dyMe4EQ6yn\n",
            "public_key_pem": "-----BEGIN PUBLIC KEY-----\nMIIBIjANBgkqhkiG9w0BAQEFAAOCAQ8AMIIBCgKCAQEAzvyeJqqwi5YQzcQ6itUR\n0vtHZcqNKOQSNLgi40zbe6E9JNPWBdtqw5OpYzQ5t2veKqsb/Q8b6lTcGXPH50JT\nYw9AYK95JLW1hEvzX/4Jc8KwZ6ifeJI1ejasJnHvKuw5I4sR8QOALn4w5WKceDEL\n1Yyautf0/7UhnJOvU5dLOG9zhbR5hmwsnbeu2N4gRCLLm0JxG9y+jOhzaESOfH7x\ne4+7dRyssZfNh9A9m6sC3SGv3Nhw9A5ZdvzbaXwn06sipUZ96rEnAGZ+eHRPkU5h\naTExB0kqvULHaImTmdeoADg+3YQZowLdGWJUpLpBBwIXb4imKKeGimOncjHuBEOs\npwIDAQAB\n-----END PUBLIC KEY-----\n",
            "rsa_bits": 2048
          },
          "sensitive_attributes": [
            [
              {
                "type": "get_attr",
                "value": "private_key_pem"
              }
            ],
            [
              {
                "type": "get_attr",
                "value": "private_key_openssh"
              }
            ],
            [
              {
                "type": "get_attr",
                "value": "private_key_pem_pkcs8"
              }
            ]
          ]
        }
      ]
    }
  ],
  "check_results": null
}
